
Microsoft Visual Studio Solution File, Format Version 12.00
# Visual Studio Version 17
VisualStudioVersion = 17.10.35013.160
MinimumVisualStudioVersion = 10.0.40219.1
Project("{FAE04EC0-301F-11D3-BF4B-00C04F79EFBC}") = "BuyRealEstate.API", "BuyRealEstate.API.csproj", "{549AAA34-37F9-4349-BF42-63F64F5E4B7A}"
EndProject
Project("{FAE04EC0-301F-11D3-BF4B-00C04F79EFBC}") = "BuyRealEstate.BL", "..\BuyRealEstate.BL\BuyRealEstate.BL.csproj", "{1AA54046-2032-4CA5-8527-A2E364AB3450}"
EndProject
Project("{FAE04EC0-301F-11D3-BF4B-00C04F79EFBC}") = "BuyRealEstate.Common", "..\Common\BuyRealEstate.Common.csproj", "{E22568A9-FB9F-4B17-97DE-10414BBEF8F0}"
EndProject
Project("{FAE04EC0-301F-11D3-BF4B-00C04F79EFBC}") = "BuyRealEstate.DAL", "..\BuyRealEstate.DAL\BuyRealEstate.DAL.csproj", "{768FD674-4106-4823-B450-5318BADB3A6B}"
EndProject
Project("{FAE04EC0-301F-11D3-BF4B-00C04F79EFBC}") = "BuyRealEstate.UnitTest", "..\BuyRealEstate.UnitTest\BuyRealEstate.UnitTest.csproj", "{47135A2E-3D8B-43A6-9917-61B6B34F5B5F}"
EndProject
Global
	GlobalSection(SolutionConfigurationPlatforms) = preSolution
		Debug|Any CPU = Debug|Any CPU
		Release|Any CPU = Release|Any CPU
	EndGlobalSection
	GlobalSection(ProjectConfigurationPlatforms) = postSolution
		{549AAA34-37F9-4349-BF42-63F64F5E4B7A}.Debug|Any CPU.ActiveCfg = Debug|Any CPU
		{549AAA34-37F9-4349-BF42-63F64F5E4B7A}.Debug|Any CPU.Build.0 = Debug|Any CPU
		{549AAA34-37F9-4349-BF42-63F64F5E4B7A}.Release|Any CPU.ActiveCfg = Release|Any CPU
		{549AAA34-37F9-4349-BF42-63F64F5E4B7A}.Release|Any CPU.Build.0 = Release|Any CPU
		{1AA54046-2032-4CA5-8527-A2E364AB3450}.Debug|Any CPU.ActiveCfg = Debug|Any CPU
		{1AA54046-2032-4CA5-8527-A2E364AB3450}.Debug|Any CPU.Build.0 = Debug|Any CPU
		{1AA54046-2032-4CA5-8527-A2E364AB3450}.Release|Any CPU.ActiveCfg = Release|Any CPU
		{1AA54046-2032-4CA5-8527-A2E364AB3450}.Release|Any CPU.Build.0 = Release|Any CPU
		{E22568A9-FB9F-4B17-97DE-10414BBEF8F0}.Debug|Any CPU.ActiveCfg = Debug|Any CPU
		{E22568A9-FB9F-4B17-97DE-10414BBEF8F0}.Debug|Any CPU.Build.0 = Debug|Any CPU
		{E22568A9-FB9F-4B17-97DE-10414BBEF8F0}.Release|Any CPU.ActiveCfg = Release|Any CPU
		{E22568A9-FB9F-4B17-97DE-10414BBEF8F0}.Release|Any CPU.Build.0 = Release|Any CPU
		{768FD674-4106-4823-B450-5318BADB3A6B}.Debug|Any CPU.ActiveCfg = Debug|Any CPU
		{768FD674-4106-4823-B450-5318BADB3A6B}.Debug|Any CPU.Build.0 = Debug|Any CPU
		{768FD674-4106-4823-B450-5318BADB3A6B}.Release|Any CPU.ActiveCfg = Release|Any CPU
		{768FD674-4106-4823-B450-5318BADB3A6B}.Release|Any CPU.Build.0 = Release|Any CPU
		{47135A2E-3D8B-43A6-9917-61B6B34F5B5F}.Debug|Any CPU.ActiveCfg = Debug|Any CPU
		{47135A2E-3D8B-43A6-9917-61B6B34F5B5F}.Debug|Any CPU.Build.0 = Debug|Any CPU
		{47135A2E-3D8B-43A6-9917-61B6B34F5B5F}.Release|Any CPU.ActiveCfg = Release|Any CPU
		{47135A2E-3D8B-43A6-9917-61B6B34F5B5F}.Release|Any CPU.Build.0 = Release|Any CPU
	EndGlobalSection
	GlobalSection(SolutionProperties) = preSolution
		HideSolutionNode = FALSE
	EndGlobalSection
	GlobalSection(ExtensibilityGlobals) = postSolution
		SolutionGuid = {0F65F823-6DE9-44D0-BEC4-C7D399535CE1}
	EndGlobalSection
EndGlobal
